
Microsoft Visual Studio Solution File, Format Version 12.00
# Visual Studio 2012
Project("{F184B08F-C81C-45F6-A57F-5ABD9991F28F}") = "Komis", "Komis\Komis.vbproj", "{6F5F02B8-6D15-4112-9BB9-D12114205A76}"
EndProject
Global
	GlobalSection(SolutionConfigurationPlatforms) = preSolution
		Debug|Any CPU = Debug|Any CPU
		Release|Any CPU = Release|Any CPU
	EndGlobalSection
	GlobalSection(ProjectConfigurationPlatforms) = postSolution
		{6F5F02B8-6D15-4112-9BB9-D12114205A76}.Debug|Any CPU.ActiveCfg = Debug|Any CPU
		{6F5F02B8-6D15-4112-9BB9-D12114205A76}.Debug|Any CPU.Build.0 = Debug|Any CPU
		{6F5F02B8-6D15-4112-9BB9-D12114205A76}.Release|Any CPU.ActiveCfg = Release|Any CPU
		{6F5F02B8-6D15-4112-9BB9-D12114205A76}.Release|Any CPU.Build.0 = Release|Any CPU
	EndGlobalSection
	GlobalSection(SolutionProperties) = preSolution
		HideSolutionNode = FALSE
	EndGlobalSection
EndGlobal
